<Solution>
  <Folder Name="/clients/">
    <Project Path="clients/DgDevelopment.Identity.Client.Blazor/DgDevelopment.Identity.Client.Blazor.csproj" />
    <Project Path="clients/DgDevelopment.Identity.Client.Core/DgDevelopment.Identity.Client.Core.csproj" />
    <Project Path="clients/DgDevelopment.Identity.Client.Maui/DgDevelopment.Identity.Client.Maui.csproj" />
    <Project Path="clients/DgDevelopment.Identity.Client.Wpf/DgDevelopment.Identity.Client.Wpf.csproj" />
  </Folder>
  <Folder Name="/src/">
    <Project Path="src/DgDevelopment.Identity.IdentityPlatform/DgDevelopment.Identity.IdentityPlatform.Client/DgDevelopment.Identity.IdentityPlatform.Client.csproj" />
    <Project Path="src/DgDevelopment.Identity.IdentityPlatform/DgDevelopment.Identity.IdentityPlatform/DgDevelopment.Identity.IdentityPlatform.csproj" />
    <Project Path="src/DgDevelopment.Identity.AppHost/DgDevelopment.Identity.AppHost.csproj" />
    <Project Path="src/DgDevelopment.Identity.Application/DgDevelopment.Identity.Application.csproj" />
    <Project Path="src/DgDevelopment.Identity.Domain/DgDevelopment.Identity.Domain.csproj" />
    <Project Path="src/DgDevelopment.Identity.Infrastructure/DgDevelopment.Identity.Infrastructure.csproj" />
    <Project Path="src/DgDevelopment.Identity.OAuth/DgDevelopment.Identity.OAuth.csproj" />
    <Project Path="src/DgDevelopment.Identity.Saml/DgDevelopment.Identity.Saml.csproj" />
    <Project Path="src/DgDevelopment.Identity.Server/DgDevelopment.Identity.Server.csproj" />
    <Project Path="src/DgDevelopment.Identity.ServiceDefaults/DgDevelopment.Identity.ServiceDefaults.csproj" />
  </Folder>
  <Folder Name="/tests/">
    <Project Path="tests/DgDevelopment.Identity.IntegrationTests/DgDevelopment.Identity.IntegrationTests.csproj" />
    <Project Path="tests/DgDevelopment.Identity.Server.UnitTests/DgDevelopment.Identity.Server.UnitTests.csproj" />
  </Folder>
</Solution>
